
Microsoft Visual Studio Solution File, Format Version 12.00
Project("{FAE04EC0-301F-11D3-BF4B-00C04F79EFBC}") = "FinBot.WebApi", "FinBot.WebApi\FinBot.WebApi.csproj", "{B20E8731-8E06-4DDD-9108-E1A88657D5B4}"
EndProject
Project("{FAE04EC0-301F-11D3-BF4B-00C04F79EFBC}") = "FinBot.Dal", "FinBot.Dal\FinBot.Dal.csproj", "{179E7679-6A62-4038-AA80-35E347D55C90}"
EndProject
Project("{FAE04EC0-301F-11D3-BF4B-00C04F79EFBC}") = "FinBot.Bll.Interfaces", "FinBot.Bll.Interfaces\FinBot.Bll.Interfaces.csproj", "{95051136-6828-4E3C-80CE-408CFD0BB3B6}"
EndProject
Project("{FAE04EC0-301F-11D3-BF4B-00C04F79EFBC}") = "FinBot.Bll.Implementation", "FinBot.Bll.Implementation\FinBot.Bll.Implementation.csproj", "{AB445C98-D8E2-4ECF-AE95-913E3721FC25}"
EndProject
Project("{FAE04EC0-301F-11D3-BF4B-00C04F79EFBC}") = "FinBot.Domain", "FinBot.Domain\FinBot.Domain.csproj", "{6BFEE6AE-3977-457D-B1DD-0D0BE291BE1F}"
EndProject
Project("{2150E333-8FDC-42A3-9474-1A3956D46DE8}") = "Solution Items", "Solution Items", "{D75DEA99-B72A-4921-A4FB-158005CCFCBF}"
	ProjectSection(SolutionItems) = preProject
		compose.yaml = compose.yaml
	EndProjectSection
EndProject
Project("{FAE04EC0-301F-11D3-BF4B-00C04F79EFBC}") = "FinBot.Integrations", "FinBot.Integrations\FinBot.Integrations.csproj", "{04D6FC8A-08F4-4FAF-99FD-0EBEA0BA6E61}"
EndProject
Project("{FAE04EC0-301F-11D3-BF4B-00C04F79EFBC}") = "FinBot.ExcelService", "FinBot.ExcelService\FinBot.ExcelService.csproj", "{956E4FA3-B284-46CE-9A4B-B86D2ADC69AD}"
EndProject
Project("{FAE04EC0-301F-11D3-BF4B-00C04F79EFBC}") = "FinBot.MinIOS3", "FinBot.MinIOS3\FinBot.MinIOS3.csproj", "{EF9702E9-BD78-407E-A5B4-DEAEEFDFEA95}"
EndProject
Project("{FAE04EC0-301F-11D3-BF4B-00C04F79EFBC}") = "FinBot.App", "FinBot.App\FinBot.App.csproj", "{90325ECF-00C6-47C1-895A-1CEB0A464525}"
EndProject
Project("{FAE04EC0-301F-11D3-BF4B-00C04F79EFBC}") = "FinBot.Kafka", "FinBot.Kafka\FinBot.Kafka.csproj", "{B4A4E838-CD74-4E39-B472-D569354DECC9}"
EndProject
Project("{FAE04EC0-301F-11D3-BF4B-00C04F79EFBC}") = "FinBot.Kafka.Tests", "FinBot.Kafka.Tests\FinBot.Kafka.Tests.csproj", "{59488949-9FEB-42DE-9696-D85E39394B77}"
EndProject
Project("{FAE04EC0-301F-11D3-BF4B-00C04F79EFBC}") = "FinBot.Bll.Tests", "FinBot.Bll.Tests\FinBot.Bll.Tests.csproj", "{1F3C2C5A-58A5-48B7-97F0-99E844D05B71}"
EndProject
Project("{FAE04EC0-301F-11D3-BF4B-00C04F79EFBC}") = "FinBot.Observability", "FinBot.Observability\FinBot.Observability.csproj", "{4E90FB0B-EDDB-48A0-BACC-8637B561106D}"
EndProject
Project("{FAE04EC0-301F-11D3-BF4B-00C04F79EFBC}") = "FinBot.Llm", "FinBot.Llm\FinBot.Llm.csproj", "{B2E0D452-EFAF-46EC-9613-7596EE663400}"
EndProject
Project("{2150E333-8FDC-42A3-9474-1A3956D46DE8}") = "bank", "bank", "{AA577764-5C71-4DF1-B14E-AD113DD296A1}"
EndProject
Project("{FAE04EC0-301F-11D3-BF4B-00C04F79EFBC}") = "BankingApi.Domain", "BankingApi.Domain\BankingApi.Domain.csproj", "{5145C545-A284-4771-8961-FF9D63A2A1DB}"
EndProject
Project("{FAE04EC0-301F-11D3-BF4B-00C04F79EFBC}") = "BankingApi.Persistence", "BankingApi.Persistence\BankingApi.Persistence.csproj", "{40DC518E-8462-4835-8814-6F2A188F6C4D}"
EndProject
Project("{FAE04EC0-301F-11D3-BF4B-00C04F79EFBC}") = "BankingApi.Application", "BankingApi.Application\BankingApi.Application.csproj", "{382409E9-1D45-4335-A0AA-BBCB5323BE8C}"
EndProject
Project("{FAE04EC0-301F-11D3-BF4B-00C04F79EFBC}") = "BankingApi.API", "BankingApi.API\BankingApi.API.csproj", "{A5AD715C-B5D2-40F3-9664-BA16101FEC44}"
EndProject
Project("{FAE04EC0-301F-11D3-BF4B-00C04F79EFBC}") = "BankingApi.Infrastructure", "BankingApi.Infrastructure\BankingApi.Infrastructure.csproj", "{A5B528F0-3BF5-4F00-BE71-6EA97846E80C}"
EndProject
Project("{FAE04EC0-301F-11D3-BF4B-00C04F79EFBC}") = "FinBot.BankService", "FinBot.BankService\FinBot.BankService.csproj", "{94B498C8-3FE6-4690-BD32-97C6764AD026}"
EndProject
Project("{FAE04EC0-301F-11D3-BF4B-00C04F79EFBC}") = "FinBot.Cache", "FinBot.Cache\FinBot.Cache.csproj", "{AE9D076A-4089-4C9D-8EF3-87EEBC7DAB13}"
EndProject
Project("{FAE04EC0-301F-11D3-BF4B-00C04F79EFBC}") = "FinBot.BankService.Tests", "FinBot.BankService.Tests\FinBot.BankService.Tests.csproj", "{D110788B-5766-4B3F-B260-EAB64DDD3B64}"
EndProject
Project("{FAE04EC0-301F-11D3-BF4B-00C04F79EFBC}") = "FinBot.CDCAsp", "FinBot.CDCAsp\FinBot.CDCAsp.csproj", "{4BACAE7F-1C73-42E5-881C-200CDA225E97}"
EndProject
Global
	GlobalSection(SolutionConfigurationPlatforms) = preSolution
		Debug|Any CPU = Debug|Any CPU
		Debug|x64 = Debug|x64
		Debug|x86 = Debug|x86
		Release|Any CPU = Release|Any CPU
		Release|x64 = Release|x64
		Release|x86 = Release|x86
	EndGlobalSection
	GlobalSection(ProjectConfigurationPlatforms) = postSolution
		{B20E8731-8E06-4DDD-9108-E1A88657D5B4}.Debug|Any CPU.ActiveCfg = Debug|Any CPU
		{B20E8731-8E06-4DDD-9108-E1A88657D5B4}.Debug|Any CPU.Build.0 = Debug|Any CPU
		{B20E8731-8E06-4DDD-9108-E1A88657D5B4}.Debug|x64.ActiveCfg = Debug|Any CPU
		{B20E8731-8E06-4DDD-9108-E1A88657D5B4}.Debug|x64.Build.0 = Debug|Any CPU
		{B20E8731-8E06-4DDD-9108-E1A88657D5B4}.Debug|x86.ActiveCfg = Debug|Any CPU
		{B20E8731-8E06-4DDD-9108-E1A88657D5B4}.Debug|x86.Build.0 = Debug|Any CPU
		{B20E8731-8E06-4DDD-9108-E1A88657D5B4}.Release|Any CPU.ActiveCfg = Release|Any CPU
		{B20E8731-8E06-4DDD-9108-E1A88657D5B4}.Release|Any CPU.Build.0 = Release|Any CPU
		{B20E8731-8E06-4DDD-9108-E1A88657D5B4}.Release|x64.ActiveCfg = Release|Any CPU
		{B20E8731-8E06-4DDD-9108-E1A88657D5B4}.Release|x64.Build.0 = Release|Any CPU
		{B20E8731-8E06-4DDD-9108-E1A88657D5B4}.Release|x86.ActiveCfg = Release|Any CPU
		{B20E8731-8E06-4DDD-9108-E1A88657D5B4}.Release|x86.Build.0 = Release|Any CPU
		{179E7679-6A62-4038-AA80-35E347D55C90}.Debug|Any CPU.ActiveCfg = Debug|Any CPU
		{179E7679-6A62-4038-AA80-35E347D55C90}.Debug|Any CPU.Build.0 = Debug|Any CPU
		{179E7679-6A62-4038-AA80-35E347D55C90}.Debug|x64.ActiveCfg = Debug|Any CPU
		{179E7679-6A62-4038-AA80-35E347D55C90}.Debug|x64.Build.0 = Debug|Any CPU
		{179E7679-6A62-4038-AA80-35E347D55C90}.Debug|x86.ActiveCfg = Debug|Any CPU
		{179E7679-6A62-4038-AA80-35E347D55C90}.Debug|x86.Build.0 = Debug|Any CPU
		{179E7679-6A62-4038-AA80-35E347D55C90}.Release|Any CPU.ActiveCfg = Release|Any CPU
		{179E7679-6A62-4038-AA80-35E347D55C90}.Release|Any CPU.Build.0 = Release|Any CPU
		{179E7679-6A62-4038-AA80-35E347D55C90}.Release|x64.ActiveCfg = Release|Any CPU
		{179E7679-6A62-4038-AA80-35E347D55C90}.Release|x64.Build.0 = Release|Any CPU
		{179E7679-6A62-4038-AA80-35E347D55C90}.Release|x86.ActiveCfg = Release|Any CPU
		{179E7679-6A62-4038-AA80-35E347D55C90}.Release|x86.Build.0 = Release|Any CPU
		{95051136-6828-4E3C-80CE-408CFD0BB3B6}.Debug|Any CPU.ActiveCfg = Debug|Any CPU
		{95051136-6828-4E3C-80CE-408CFD0BB3B6}.Debug|Any CPU.Build.0 = Debug|Any CPU
		{95051136-6828-4E3C-80CE-408CFD0BB3B6}.Debug|x64.ActiveCfg = Debug|Any CPU
		{95051136-6828-4E3C-80CE-408CFD0BB3B6}.Debug|x64.Build.0 = Debug|Any CPU
		{95051136-6828-4E3C-80CE-408CFD0BB3B6}.Debug|x86.ActiveCfg = Debug|Any CPU
		{95051136-6828-4E3C-80CE-408CFD0BB3B6}.Debug|x86.Build.0 = Debug|Any CPU
		{95051136-6828-4E3C-80CE-408CFD0BB3B6}.Release|Any CPU.ActiveCfg = Release|Any CPU
		{95051136-6828-4E3C-80CE-408CFD0BB3B6}.Release|Any CPU.Build.0 = Release|Any CPU
		{95051136-6828-4E3C-80CE-408CFD0BB3B6}.Release|x64.ActiveCfg = Release|Any CPU
		{95051136-6828-4E3C-80CE-408CFD0BB3B6}.Release|x64.Build.0 = Release|Any CPU
		{95051136-6828-4E3C-80CE-408CFD0BB3B6}.Release|x86.ActiveCfg = Release|Any CPU
		{95051136-6828-4E3C-80CE-408CFD0BB3B6}.Release|x86.Build.0 = Release|Any CPU
		{AB445C98-D8E2-4ECF-AE95-913E3721FC25}.Debug|Any CPU.ActiveCfg = Debug|Any CPU
		{AB445C98-D8E2-4ECF-AE95-913E3721FC25}.Debug|Any CPU.Build.0 = Debug|Any CPU
		{AB445C98-D8E2-4ECF-AE95-913E3721FC25}.Debug|x64.ActiveCfg = Debug|Any CPU
		{AB445C98-D8E2-4ECF-AE95-913E3721FC25}.Debug|x64.Build.0 = Debug|Any CPU
		{AB445C98-D8E2-4ECF-AE95-913E3721FC25}.Debug|x86.ActiveCfg = Debug|Any CPU
		{AB445C98-D8E2-4ECF-AE95-913E3721FC25}.Debug|x86.Build.0 = Debug|Any CPU
		{AB445C98-D8E2-4ECF-AE95-913E3721FC25}.Release|Any CPU.ActiveCfg = Release|Any CPU
		{AB445C98-D8E2-4ECF-AE95-913E3721FC25}.Release|Any CPU.Build.0 = Release|Any CPU
		{AB445C98-D8E2-4ECF-AE95-913E3721FC25}.Release|x64.ActiveCfg = Release|Any CPU
		{AB445C98-D8E2-4ECF-AE95-913E3721FC25}.Release|x64.Build.0 = Release|Any CPU
		{AB445C98-D8E2-4ECF-AE95-913E3721FC25}.Release|x86.ActiveCfg = Release|Any CPU
		{AB445C98-D8E2-4ECF-AE95-913E3721FC25}.Release|x86.Build.0 = Release|Any CPU
		{6BFEE6AE-3977-457D-B1DD-0D0BE291BE1F}.Debug|Any CPU.ActiveCfg = Debug|Any CPU
		{6BFEE6AE-3977-457D-B1DD-0D0BE291BE1F}.Debug|Any CPU.Build.0 = Debug|Any CPU
		{6BFEE6AE-3977-457D-B1DD-0D0BE291BE1F}.Debug|x64.ActiveCfg = Debug|Any CPU
		{6BFEE6AE-3977-457D-B1DD-0D0BE291BE1F}.Debug|x64.Build.0 = Debug|Any CPU
		{6BFEE6AE-3977-457D-B1DD-0D0BE291BE1F}.Debug|x86.ActiveCfg = Debug|Any CPU
		{6BFEE6AE-3977-457D-B1DD-0D0BE291BE1F}.Debug|x86.Build.0 = Debug|Any CPU
		{6BFEE6AE-3977-457D-B1DD-0D0BE291BE1F}.Release|Any CPU.ActiveCfg = Release|Any CPU
		{6BFEE6AE-3977-457D-B1DD-0D0BE291BE1F}.Release|Any CPU.Build.0 = Release|Any CPU
		{6BFEE6AE-3977-457D-B1DD-0D0BE291BE1F}.Release|x64.ActiveCfg = Release|Any CPU
		{6BFEE6AE-3977-457D-B1DD-0D0BE291BE1F}.Release|x64.Build.0 = Release|Any CPU
		{6BFEE6AE-3977-457D-B1DD-0D0BE291BE1F}.Release|x86.ActiveCfg = Release|Any CPU
		{6BFEE6AE-3977-457D-B1DD-0D0BE291BE1F}.Release|x86.Build.0 = Release|Any CPU
		{04D6FC8A-08F4-4FAF-99FD-0EBEA0BA6E61}.Debug|Any CPU.ActiveCfg = Debug|Any CPU
		{04D6FC8A-08F4-4FAF-99FD-0EBEA0BA6E61}.Debug|Any CPU.Build.0 = Debug|Any CPU
		{04D6FC8A-08F4-4FAF-99FD-0EBEA0BA6E61}.Debug|x64.ActiveCfg = Debug|Any CPU
		{04D6FC8A-08F4-4FAF-99FD-0EBEA0BA6E61}.Debug|x64.Build.0 = Debug|Any CPU
		{04D6FC8A-08F4-4FAF-99FD-0EBEA0BA6E61}.Debug|x86.ActiveCfg = Debug|Any CPU
		{04D6FC8A-08F4-4FAF-99FD-0EBEA0BA6E61}.Debug|x86.Build.0 = Debug|Any CPU
		{04D6FC8A-08F4-4FAF-99FD-0EBEA0BA6E61}.Release|Any CPU.ActiveCfg = Release|Any CPU
		{04D6FC8A-08F4-4FAF-99FD-0EBEA0BA6E61}.Release|Any CPU.Build.0 = Release|Any CPU
		{04D6FC8A-08F4-4FAF-99FD-0EBEA0BA6E61}.Release|x64.ActiveCfg = Release|Any CPU
		{04D6FC8A-08F4-4FAF-99FD-0EBEA0BA6E61}.Release|x64.Build.0 = Release|Any CPU
		{04D6FC8A-08F4-4FAF-99FD-0EBEA0BA6E61}.Release|x86.ActiveCfg = Release|Any CPU
		{04D6FC8A-08F4-4FAF-99FD-0EBEA0BA6E61}.Release|x86.Build.0 = Release|Any CPU
		{956E4FA3-B284-46CE-9A4B-B86D2ADC69AD}.Debug|Any CPU.ActiveCfg = Debug|Any CPU
		{956E4FA3-B284-46CE-9A4B-B86D2ADC69AD}.Debug|Any CPU.Build.0 = Debug|Any CPU
		{956E4FA3-B284-46CE-9A4B-B86D2ADC69AD}.Debug|x64.ActiveCfg = Debug|Any CPU
		{956E4FA3-B284-46CE-9A4B-B86D2ADC69AD}.Debug|x64.Build.0 = Debug|Any CPU
		{956E4FA3-B284-46CE-9A4B-B86D2ADC69AD}.Debug|x86.ActiveCfg = Debug|Any CPU
		{956E4FA3-B284-46CE-9A4B-B86D2ADC69AD}.Debug|x86.Build.0 = Debug|Any CPU
		{956E4FA3-B284-46CE-9A4B-B86D2ADC69AD}.Release|Any CPU.ActiveCfg = Release|Any CPU
		{956E4FA3-B284-46CE-9A4B-B86D2ADC69AD}.Release|Any CPU.Build.0 = Release|Any CPU
		{956E4FA3-B284-46CE-9A4B-B86D2ADC69AD}.Release|x64.ActiveCfg = Release|Any CPU
		{956E4FA3-B284-46CE-9A4B-B86D2ADC69AD}.Release|x64.Build.0 = Release|Any CPU
		{956E4FA3-B284-46CE-9A4B-B86D2ADC69AD}.Release|x86.ActiveCfg = Release|Any CPU
		{956E4FA3-B284-46CE-9A4B-B86D2ADC69AD}.Release|x86.Build.0 = Release|Any CPU
		{EF9702E9-BD78-407E-A5B4-DEAEEFDFEA95}.Debug|Any CPU.ActiveCfg = Debug|Any CPU
		{EF9702E9-BD78-407E-A5B4-DEAEEFDFEA95}.Debug|Any CPU.Build.0 = Debug|Any CPU
		{EF9702E9-BD78-407E-A5B4-DEAEEFDFEA95}.Debug|x64.ActiveCfg = Debug|Any CPU
		{EF9702E9-BD78-407E-A5B4-DEAEEFDFEA95}.Debug|x64.Build.0 = Debug|Any CPU
		{EF9702E9-BD78-407E-A5B4-DEAEEFDFEA95}.Debug|x86.ActiveCfg = Debug|Any CPU
		{EF9702E9-BD78-407E-A5B4-DEAEEFDFEA95}.Debug|x86.Build.0 = Debug|Any CPU
		{EF9702E9-BD78-407E-A5B4-DEAEEFDFEA95}.Release|Any CPU.ActiveCfg = Release|Any CPU
		{EF9702E9-BD78-407E-A5B4-DEAEEFDFEA95}.Release|Any CPU.Build.0 = Release|Any CPU
		{EF9702E9-BD78-407E-A5B4-DEAEEFDFEA95}.Release|x64.ActiveCfg = Release|Any CPU
		{EF9702E9-BD78-407E-A5B4-DEAEEFDFEA95}.Release|x64.Build.0 = Release|Any CPU
		{EF9702E9-BD78-407E-A5B4-DEAEEFDFEA95}.Release|x86.ActiveCfg = Release|Any CPU
		{EF9702E9-BD78-407E-A5B4-DEAEEFDFEA95}.Release|x86.Build.0 = Release|Any CPU
		{90325ECF-00C6-47C1-895A-1CEB0A464525}.Debug|Any CPU.ActiveCfg = Debug|Any CPU
		{90325ECF-00C6-47C1-895A-1CEB0A464525}.Debug|Any CPU.Build.0 = Debug|Any CPU
		{90325ECF-00C6-47C1-895A-1CEB0A464525}.Debug|x64.ActiveCfg = Debug|Any CPU
		{90325ECF-00C6-47C1-895A-1CEB0A464525}.Debug|x64.Build.0 = Debug|Any CPU
		{90325ECF-00C6-47C1-895A-1CEB0A464525}.Debug|x86.ActiveCfg = Debug|Any CPU
		{90325ECF-00C6-47C1-895A-1CEB0A464525}.Debug|x86.Build.0 = Debug|Any CPU
		{90325ECF-00C6-47C1-895A-1CEB0A464525}.Release|Any CPU.ActiveCfg = Release|Any CPU
		{90325ECF-00C6-47C1-895A-1CEB0A464525}.Release|Any CPU.Build.0 = Release|Any CPU
		{90325ECF-00C6-47C1-895A-1CEB0A464525}.Release|x64.ActiveCfg = Release|Any CPU
		{90325ECF-00C6-47C1-895A-1CEB0A464525}.Release|x64.Build.0 = Release|Any CPU
		{90325ECF-00C6-47C1-895A-1CEB0A464525}.Release|x86.ActiveCfg = Release|Any CPU
		{90325ECF-00C6-47C1-895A-1CEB0A464525}.Release|x86.Build.0 = Release|Any CPU
		{B4A4E838-CD74-4E39-B472-D569354DECC9}.Debug|Any CPU.ActiveCfg = Debug|Any CPU
		{B4A4E838-CD74-4E39-B472-D569354DECC9}.Debug|Any CPU.Build.0 = Debug|Any CPU
		{B4A4E838-CD74-4E39-B472-D569354DECC9}.Debug|x64.ActiveCfg = Debug|Any CPU
		{B4A4E838-CD74-4E39-B472-D569354DECC9}.Debug|x64.Build.0 = Debug|Any CPU
		{B4A4E838-CD74-4E39-B472-D569354DECC9}.Debug|x86.ActiveCfg = Debug|Any CPU
		{B4A4E838-CD74-4E39-B472-D569354DECC9}.Debug|x86.Build.0 = Debug|Any CPU
		{B4A4E838-CD74-4E39-B472-D569354DECC9}.Release|Any CPU.ActiveCfg = Release|Any CPU
		{B4A4E838-CD74-4E39-B472-D569354DECC9}.Release|Any CPU.Build.0 = Release|Any CPU
		{B4A4E838-CD74-4E39-B472-D569354DECC9}.Release|x64.ActiveCfg = Release|Any CPU
		{B4A4E838-CD74-4E39-B472-D569354DECC9}.Release|x64.Build.0 = Release|Any CPU
		{B4A4E838-CD74-4E39-B472-D569354DECC9}.Release|x86.ActiveCfg = Release|Any CPU
		{B4A4E838-CD74-4E39-B472-D569354DECC9}.Release|x86.Build.0 = Release|Any CPU
		{59488949-9FEB-42DE-9696-D85E39394B77}.Debug|Any CPU.ActiveCfg = Debug|Any CPU
		{59488949-9FEB-42DE-9696-D85E39394B77}.Debug|Any CPU.Build.0 = Debug|Any CPU
		{59488949-9FEB-42DE-9696-D85E39394B77}.Debug|x64.ActiveCfg = Debug|Any CPU
		{59488949-9FEB-42DE-9696-D85E39394B77}.Debug|x64.Build.0 = Debug|Any CPU
		{59488949-9FEB-42DE-9696-D85E39394B77}.Debug|x86.ActiveCfg = Debug|Any CPU
		{59488949-9FEB-42DE-9696-D85E39394B77}.Debug|x86.Build.0 = Debug|Any CPU
		{59488949-9FEB-42DE-9696-D85E39394B77}.Release|Any CPU.ActiveCfg = Release|Any CPU
		{59488949-9FEB-42DE-9696-D85E39394B77}.Release|Any CPU.Build.0 = Release|Any CPU
		{59488949-9FEB-42DE-9696-D85E39394B77}.Release|x64.ActiveCfg = Release|Any CPU
		{59488949-9FEB-42DE-9696-D85E39394B77}.Release|x64.Build.0 = Release|Any CPU
		{59488949-9FEB-42DE-9696-D85E39394B77}.Release|x86.ActiveCfg = Release|Any CPU
		{59488949-9FEB-42DE-9696-D85E39394B77}.Release|x86.Build.0 = Release|Any CPU
		{1F3C2C5A-58A5-48B7-97F0-99E844D05B71}.Debug|Any CPU.ActiveCfg = Debug|Any CPU
		{1F3C2C5A-58A5-48B7-97F0-99E844D05B71}.Debug|Any CPU.Build.0 = Debug|Any CPU
		{1F3C2C5A-58A5-48B7-97F0-99E844D05B71}.Debug|x64.ActiveCfg = Debug|Any CPU
		{1F3C2C5A-58A5-48B7-97F0-99E844D05B71}.Debug|x64.Build.0 = Debug|Any CPU
		{1F3C2C5A-58A5-48B7-97F0-99E844D05B71}.Debug|x86.ActiveCfg = Debug|Any CPU
		{1F3C2C5A-58A5-48B7-97F0-99E844D05B71}.Debug|x86.Build.0 = Debug|Any CPU
		{1F3C2C5A-58A5-48B7-97F0-99E844D05B71}.Release|Any CPU.ActiveCfg = Release|Any CPU
		{1F3C2C5A-58A5-48B7-97F0-99E844D05B71}.Release|Any CPU.Build.0 = Release|Any CPU
		{1F3C2C5A-58A5-48B7-97F0-99E844D05B71}.Release|x64.ActiveCfg = Release|Any CPU
		{1F3C2C5A-58A5-48B7-97F0-99E844D05B71}.Release|x64.Build.0 = Release|Any CPU
		{1F3C2C5A-58A5-48B7-97F0-99E844D05B71}.Release|x86.ActiveCfg = Release|Any CPU
		{1F3C2C5A-58A5-48B7-97F0-99E844D05B71}.Release|x86.Build.0 = Release|Any CPU
		{90325ECF-00C6-47C1-895A-1CEB0A464525}.Release|x64.ActiveCfg = Release|Any CPU
		{90325ECF-00C6-47C1-895A-1CEB0A464525}.Release|x64.Build.0 = Release|Any CPU
		{90325ECF-00C6-47C1-895A-1CEB0A464525}.Release|x86.ActiveCfg = Release|Any CPU
		{90325ECF-00C6-47C1-895A-1CEB0A464525}.Release|x86.Build.0 = Release|Any CPU
		{B4A4E838-CD74-4E39-B472-D569354DECC9}.Debug|Any CPU.ActiveCfg = Debug|Any CPU
		{B4A4E838-CD74-4E39-B472-D569354DECC9}.Debug|Any CPU.Build.0 = Debug|Any CPU
		{B4A4E838-CD74-4E39-B472-D569354DECC9}.Debug|x64.ActiveCfg = Debug|Any CPU
		{B4A4E838-CD74-4E39-B472-D569354DECC9}.Debug|x64.Build.0 = Debug|Any CPU
		{B4A4E838-CD74-4E39-B472-D569354DECC9}.Debug|x86.ActiveCfg = Debug|Any CPU
		{B4A4E838-CD74-4E39-B472-D569354DECC9}.Debug|x86.Build.0 = Debug|Any CPU
		{B4A4E838-CD74-4E39-B472-D569354DECC9}.Release|Any CPU.ActiveCfg = Release|Any CPU
		{B4A4E838-CD74-4E39-B472-D569354DECC9}.Release|Any CPU.Build.0 = Release|Any CPU
		{B4A4E838-CD74-4E39-B472-D569354DECC9}.Release|x64.ActiveCfg = Release|Any CPU
		{B4A4E838-CD74-4E39-B472-D569354DECC9}.Release|x64.Build.0 = Release|Any CPU
		{B4A4E838-CD74-4E39-B472-D569354DECC9}.Release|x86.ActiveCfg = Release|Any CPU
		{B4A4E838-CD74-4E39-B472-D569354DECC9}.Release|x86.Build.0 = Release|Any CPU
		{59488949-9FEB-42DE-9696-D85E39394B77}.Debug|Any CPU.ActiveCfg = Debug|Any CPU
		{59488949-9FEB-42DE-9696-D85E39394B77}.Debug|Any CPU.Build.0 = Debug|Any CPU
		{59488949-9FEB-42DE-9696-D85E39394B77}.Debug|x64.ActiveCfg = Debug|Any CPU
		{59488949-9FEB-42DE-9696-D85E39394B77}.Debug|x64.Build.0 = Debug|Any CPU
		{59488949-9FEB-42DE-9696-D85E39394B77}.Debug|x86.ActiveCfg = Debug|Any CPU
		{59488949-9FEB-42DE-9696-D85E39394B77}.Debug|x86.Build.0 = Debug|Any CPU
		{59488949-9FEB-42DE-9696-D85E39394B77}.Release|Any CPU.ActiveCfg = Release|Any CPU
		{59488949-9FEB-42DE-9696-D85E39394B77}.Release|Any CPU.Build.0 = Release|Any CPU
		{59488949-9FEB-42DE-9696-D85E39394B77}.Release|x64.ActiveCfg = Release|Any CPU
		{59488949-9FEB-42DE-9696-D85E39394B77}.Release|x64.Build.0 = Release|Any CPU
		{59488949-9FEB-42DE-9696-D85E39394B77}.Release|x86.ActiveCfg = Release|Any CPU
		{59488949-9FEB-42DE-9696-D85E39394B77}.Release|x86.Build.0 = Release|Any CPU
		{1F3C2C5A-58A5-48B7-97F0-99E844D05B71}.Debug|Any CPU.ActiveCfg = Debug|Any CPU
		{1F3C2C5A-58A5-48B7-97F0-99E844D05B71}.Debug|Any CPU.Build.0 = Debug|Any CPU
		{1F3C2C5A-58A5-48B7-97F0-99E844D05B71}.Debug|x64.ActiveCfg = Debug|Any CPU
		{1F3C2C5A-58A5-48B7-97F0-99E844D05B71}.Debug|x64.Build.0 = Debug|Any CPU
		{1F3C2C5A-58A5-48B7-97F0-99E844D05B71}.Debug|x86.ActiveCfg = Debug|Any CPU
		{1F3C2C5A-58A5-48B7-97F0-99E844D05B71}.Debug|x86.Build.0 = Debug|Any CPU
		{1F3C2C5A-58A5-48B7-97F0-99E844D05B71}.Release|Any CPU.ActiveCfg = Release|Any CPU
		{1F3C2C5A-58A5-48B7-97F0-99E844D05B71}.Release|Any CPU.Build.0 = Release|Any CPU
		{1F3C2C5A-58A5-48B7-97F0-99E844D05B71}.Release|x64.ActiveCfg = Release|Any CPU
		{1F3C2C5A-58A5-48B7-97F0-99E844D05B71}.Release|x64.Build.0 = Release|Any CPU
		{1F3C2C5A-58A5-48B7-97F0-99E844D05B71}.Release|x86.ActiveCfg = Release|Any CPU
		{1F3C2C5A-58A5-48B7-97F0-99E844D05B71}.Release|x86.Build.0 = Release|Any CPU
		{4E90FB0B-EDDB-48A0-BACC-8637B561106D}.Debug|Any CPU.ActiveCfg = Debug|Any CPU
		{4E90FB0B-EDDB-48A0-BACC-8637B561106D}.Debug|Any CPU.Build.0 = Debug|Any CPU
		{4E90FB0B-EDDB-48A0-BACC-8637B561106D}.Debug|x64.ActiveCfg = Debug|Any CPU
		{4E90FB0B-EDDB-48A0-BACC-8637B561106D}.Debug|x64.Build.0 = Debug|Any CPU
		{4E90FB0B-EDDB-48A0-BACC-8637B561106D}.Debug|x86.ActiveCfg = Debug|Any CPU
		{4E90FB0B-EDDB-48A0-BACC-8637B561106D}.Debug|x86.Build.0 = Debug|Any CPU
		{4E90FB0B-EDDB-48A0-BACC-8637B561106D}.Release|Any CPU.ActiveCfg = Release|Any CPU
		{4E90FB0B-EDDB-48A0-BACC-8637B561106D}.Release|Any CPU.Build.0 = Release|Any CPU
		{4E90FB0B-EDDB-48A0-BACC-8637B561106D}.Release|x64.ActiveCfg = Release|Any CPU
		{4E90FB0B-EDDB-48A0-BACC-8637B561106D}.Release|x64.Build.0 = Release|Any CPU
		{4E90FB0B-EDDB-48A0-BACC-8637B561106D}.Release|x86.ActiveCfg = Release|Any CPU
		{4E90FB0B-EDDB-48A0-BACC-8637B561106D}.Release|x86.Build.0 = Release|Any CPU
		{AE9D076A-4089-4C9D-8EF3-87EEBC7DAB13}.Debug|Any CPU.ActiveCfg = Debug|Any CPU
		{AE9D076A-4089-4C9D-8EF3-87EEBC7DAB13}.Debug|Any CPU.Build.0 = Debug|Any CPU
		{B2E0D452-EFAF-46EC-9613-7596EE663400}.Debug|Any CPU.ActiveCfg = Debug|Any CPU
		{B2E0D452-EFAF-46EC-9613-7596EE663400}.Debug|Any CPU.Build.0 = Debug|Any CPU
		{94B498C8-3FE6-4690-BD32-97C6764AD026}.Debug|Any CPU.ActiveCfg = Debug|Any CPU
		{94B498C8-3FE6-4690-BD32-97C6764AD026}.Debug|Any CPU.Build.0 = Debug|Any CPU
		{A5AD715C-B5D2-40F3-9664-BA16101FEC44}.Debug|Any CPU.ActiveCfg = Debug|Any CPU
		{A5AD715C-B5D2-40F3-9664-BA16101FEC44}.Debug|Any CPU.Build.0 = Debug|Any CPU
		{382409E9-1D45-4335-A0AA-BBCB5323BE8C}.Debug|Any CPU.ActiveCfg = Debug|Any CPU
		{382409E9-1D45-4335-A0AA-BBCB5323BE8C}.Debug|Any CPU.Build.0 = Debug|Any CPU
		{5145C545-A284-4771-8961-FF9D63A2A1DB}.Debug|Any CPU.ActiveCfg = Debug|Any CPU
		{5145C545-A284-4771-8961-FF9D63A2A1DB}.Debug|Any CPU.Build.0 = Debug|Any CPU
		{A5B528F0-3BF5-4F00-BE71-6EA97846E80C}.Debug|Any CPU.ActiveCfg = Debug|Any CPU
		{A5B528F0-3BF5-4F00-BE71-6EA97846E80C}.Debug|Any CPU.Build.0 = Debug|Any CPU
		{40DC518E-8462-4835-8814-6F2A188F6C4D}.Debug|Any CPU.ActiveCfg = Debug|Any CPU
		{40DC518E-8462-4835-8814-6F2A188F6C4D}.Debug|Any CPU.Build.0 = Debug|Any CPU
		{D110788B-5766-4B3F-B260-EAB64DDD3B64}.Debug|Any CPU.ActiveCfg = Debug|Any CPU
		{D110788B-5766-4B3F-B260-EAB64DDD3B64}.Debug|Any CPU.Build.0 = Debug|Any CPU
		{4BACAE7F-1C73-42E5-881C-200CDA225E97}.Debug|Any CPU.ActiveCfg = Debug|Any CPU
		{4BACAE7F-1C73-42E5-881C-200CDA225E97}.Debug|Any CPU.Build.0 = Debug|Any CPU
		{4BACAE7F-1C73-42E5-881C-200CDA225E97}.Debug|x64.ActiveCfg = Debug|Any CPU
		{4BACAE7F-1C73-42E5-881C-200CDA225E97}.Debug|x64.Build.0 = Debug|Any CPU
		{4BACAE7F-1C73-42E5-881C-200CDA225E97}.Debug|x86.ActiveCfg = Debug|Any CPU
		{4BACAE7F-1C73-42E5-881C-200CDA225E97}.Debug|x86.Build.0 = Debug|Any CPU
		{4BACAE7F-1C73-42E5-881C-200CDA225E97}.Release|Any CPU.ActiveCfg = Release|Any CPU
		{4BACAE7F-1C73-42E5-881C-200CDA225E97}.Release|Any CPU.Build.0 = Release|Any CPU
		{4BACAE7F-1C73-42E5-881C-200CDA225E97}.Release|x64.ActiveCfg = Release|Any CPU
		{4BACAE7F-1C73-42E5-881C-200CDA225E97}.Release|x64.Build.0 = Release|Any CPU
		{4BACAE7F-1C73-42E5-881C-200CDA225E97}.Release|x86.ActiveCfg = Release|Any CPU
		{4BACAE7F-1C73-42E5-881C-200CDA225E97}.Release|x86.Build.0 = Release|Any CPU
		{D110788B-5766-4B3F-B260-EAB64DDD3B64}.Debug|Any CPU.ActiveCfg = Debug|Any CPU
		{D110788B-5766-4B3F-B260-EAB64DDD3B64}.Debug|Any CPU.Build.0 = Debug|Any CPU
	EndGlobalSection
	GlobalSection(SolutionProperties) = preSolution
		HideSolutionNode = FALSE
		{B2E0D452-EFAF-46EC-9613-7596EE663400}.Debug|Any CPU.ActiveCfg = Debug|Any CPU
		{B2E0D452-EFAF-46EC-9613-7596EE663400}.Debug|Any CPU.Build.0 = Debug|Any CPU
		{B2E0D452-EFAF-46EC-9613-7596EE663400}.Debug|x64.ActiveCfg = Debug|Any CPU
		{B2E0D452-EFAF-46EC-9613-7596EE663400}.Debug|x64.Build.0 = Debug|Any CPU
		{B2E0D452-EFAF-46EC-9613-7596EE663400}.Debug|x86.ActiveCfg = Debug|Any CPU
		{B2E0D452-EFAF-46EC-9613-7596EE663400}.Debug|x86.Build.0 = Debug|Any CPU
		{B2E0D452-EFAF-46EC-9613-7596EE663400}.Release|Any CPU.ActiveCfg = Release|Any CPU
		{B2E0D452-EFAF-46EC-9613-7596EE663400}.Release|Any CPU.Build.0 = Release|Any CPU
		{B2E0D452-EFAF-46EC-9613-7596EE663400}.Release|x64.ActiveCfg = Release|Any CPU
		{B2E0D452-EFAF-46EC-9613-7596EE663400}.Release|x64.Build.0 = Release|Any CPU
		{B2E0D452-EFAF-46EC-9613-7596EE663400}.Release|x86.ActiveCfg = Release|Any CPU
		{B2E0D452-EFAF-46EC-9613-7596EE663400}.Release|x86.Build.0 = Release|Any CPU
		{5145C545-A284-4771-8961-FF9D63A2A1DB}.Debug|Any CPU.ActiveCfg = Debug|Any CPU
		{5145C545-A284-4771-8961-FF9D63A2A1DB}.Debug|Any CPU.Build.0 = Debug|Any CPU
		{5145C545-A284-4771-8961-FF9D63A2A1DB}.Debug|x64.ActiveCfg = Debug|Any CPU
		{5145C545-A284-4771-8961-FF9D63A2A1DB}.Debug|x64.Build.0 = Debug|Any CPU
		{5145C545-A284-4771-8961-FF9D63A2A1DB}.Debug|x86.ActiveCfg = Debug|Any CPU
		{5145C545-A284-4771-8961-FF9D63A2A1DB}.Debug|x86.Build.0 = Debug|Any CPU
		{5145C545-A284-4771-8961-FF9D63A2A1DB}.Release|Any CPU.ActiveCfg = Release|Any CPU
		{5145C545-A284-4771-8961-FF9D63A2A1DB}.Release|Any CPU.Build.0 = Release|Any CPU
		{5145C545-A284-4771-8961-FF9D63A2A1DB}.Release|x64.ActiveCfg = Release|Any CPU
		{5145C545-A284-4771-8961-FF9D63A2A1DB}.Release|x64.Build.0 = Release|Any CPU
		{5145C545-A284-4771-8961-FF9D63A2A1DB}.Release|x86.ActiveCfg = Release|Any CPU
		{5145C545-A284-4771-8961-FF9D63A2A1DB}.Release|x86.Build.0 = Release|Any CPU
		{40DC518E-8462-4835-8814-6F2A188F6C4D}.Debug|Any CPU.ActiveCfg = Debug|Any CPU
		{40DC518E-8462-4835-8814-6F2A188F6C4D}.Debug|Any CPU.Build.0 = Debug|Any CPU
		{40DC518E-8462-4835-8814-6F2A188F6C4D}.Debug|x64.ActiveCfg = Debug|Any CPU
		{40DC518E-8462-4835-8814-6F2A188F6C4D}.Debug|x64.Build.0 = Debug|Any CPU
		{40DC518E-8462-4835-8814-6F2A188F6C4D}.Debug|x86.ActiveCfg = Debug|Any CPU
		{40DC518E-8462-4835-8814-6F2A188F6C4D}.Debug|x86.Build.0 = Debug|Any CPU
		{40DC518E-8462-4835-8814-6F2A188F6C4D}.Release|Any CPU.ActiveCfg = Release|Any CPU
		{40DC518E-8462-4835-8814-6F2A188F6C4D}.Release|Any CPU.Build.0 = Release|Any CPU
		{40DC518E-8462-4835-8814-6F2A188F6C4D}.Release|x64.ActiveCfg = Release|Any CPU
		{40DC518E-8462-4835-8814-6F2A188F6C4D}.Release|x64.Build.0 = Release|Any CPU
		{40DC518E-8462-4835-8814-6F2A188F6C4D}.Release|x86.ActiveCfg = Release|Any CPU
		{40DC518E-8462-4835-8814-6F2A188F6C4D}.Release|x86.Build.0 = Release|Any CPU
		{382409E9-1D45-4335-A0AA-BBCB5323BE8C}.Debug|Any CPU.ActiveCfg = Debug|Any CPU
		{382409E9-1D45-4335-A0AA-BBCB5323BE8C}.Debug|Any CPU.Build.0 = Debug|Any CPU
		{382409E9-1D45-4335-A0AA-BBCB5323BE8C}.Debug|x64.ActiveCfg = Debug|Any CPU
		{382409E9-1D45-4335-A0AA-BBCB5323BE8C}.Debug|x64.Build.0 = Debug|Any CPU
		{382409E9-1D45-4335-A0AA-BBCB5323BE8C}.Debug|x86.ActiveCfg = Debug|Any CPU
		{382409E9-1D45-4335-A0AA-BBCB5323BE8C}.Debug|x86.Build.0 = Debug|Any CPU
		{382409E9-1D45-4335-A0AA-BBCB5323BE8C}.Release|Any CPU.ActiveCfg = Release|Any CPU
		{382409E9-1D45-4335-A0AA-BBCB5323BE8C}.Release|Any CPU.Build.0 = Release|Any CPU
		{382409E9-1D45-4335-A0AA-BBCB5323BE8C}.Release|x64.ActiveCfg = Release|Any CPU
		{382409E9-1D45-4335-A0AA-BBCB5323BE8C}.Release|x64.Build.0 = Release|Any CPU
		{382409E9-1D45-4335-A0AA-BBCB5323BE8C}.Release|x86.ActiveCfg = Release|Any CPU
		{382409E9-1D45-4335-A0AA-BBCB5323BE8C}.Release|x86.Build.0 = Release|Any CPU
		{A5AD715C-B5D2-40F3-9664-BA16101FEC44}.Debug|Any CPU.ActiveCfg = Debug|Any CPU
		{A5AD715C-B5D2-40F3-9664-BA16101FEC44}.Debug|Any CPU.Build.0 = Debug|Any CPU
		{A5AD715C-B5D2-40F3-9664-BA16101FEC44}.Debug|x64.ActiveCfg = Debug|Any CPU
		{A5AD715C-B5D2-40F3-9664-BA16101FEC44}.Debug|x64.Build.0 = Debug|Any CPU
		{A5AD715C-B5D2-40F3-9664-BA16101FEC44}.Debug|x86.ActiveCfg = Debug|Any CPU
		{A5AD715C-B5D2-40F3-9664-BA16101FEC44}.Debug|x86.Build.0 = Debug|Any CPU
		{A5AD715C-B5D2-40F3-9664-BA16101FEC44}.Release|Any CPU.ActiveCfg = Release|Any CPU
		{A5AD715C-B5D2-40F3-9664-BA16101FEC44}.Release|Any CPU.Build.0 = Release|Any CPU
		{A5AD715C-B5D2-40F3-9664-BA16101FEC44}.Release|x64.ActiveCfg = Release|Any CPU
		{A5AD715C-B5D2-40F3-9664-BA16101FEC44}.Release|x64.Build.0 = Release|Any CPU
		{A5AD715C-B5D2-40F3-9664-BA16101FEC44}.Release|x86.ActiveCfg = Release|Any CPU
		{A5AD715C-B5D2-40F3-9664-BA16101FEC44}.Release|x86.Build.0 = Release|Any CPU
		{A5B528F0-3BF5-4F00-BE71-6EA97846E80C}.Debug|Any CPU.ActiveCfg = Debug|Any CPU
		{A5B528F0-3BF5-4F00-BE71-6EA97846E80C}.Debug|Any CPU.Build.0 = Debug|Any CPU
		{A5B528F0-3BF5-4F00-BE71-6EA97846E80C}.Debug|x64.ActiveCfg = Debug|Any CPU
		{A5B528F0-3BF5-4F00-BE71-6EA97846E80C}.Debug|x64.Build.0 = Debug|Any CPU
		{A5B528F0-3BF5-4F00-BE71-6EA97846E80C}.Debug|x86.ActiveCfg = Debug|Any CPU
		{A5B528F0-3BF5-4F00-BE71-6EA97846E80C}.Debug|x86.Build.0 = Debug|Any CPU
		{A5B528F0-3BF5-4F00-BE71-6EA97846E80C}.Release|Any CPU.ActiveCfg = Release|Any CPU
		{A5B528F0-3BF5-4F00-BE71-6EA97846E80C}.Release|Any CPU.Build.0 = Release|Any CPU
		{A5B528F0-3BF5-4F00-BE71-6EA97846E80C}.Release|x64.ActiveCfg = Release|Any CPU
		{A5B528F0-3BF5-4F00-BE71-6EA97846E80C}.Release|x64.Build.0 = Release|Any CPU
		{A5B528F0-3BF5-4F00-BE71-6EA97846E80C}.Release|x86.ActiveCfg = Release|Any CPU
		{A5B528F0-3BF5-4F00-BE71-6EA97846E80C}.Release|x86.Build.0 = Release|Any CPU
		{94B498C8-3FE6-4690-BD32-97C6764AD026}.Debug|Any CPU.ActiveCfg = Debug|Any CPU
		{94B498C8-3FE6-4690-BD32-97C6764AD026}.Debug|Any CPU.Build.0 = Debug|Any CPU
		{94B498C8-3FE6-4690-BD32-97C6764AD026}.Debug|x64.ActiveCfg = Debug|Any CPU
		{94B498C8-3FE6-4690-BD32-97C6764AD026}.Debug|x64.Build.0 = Debug|Any CPU
		{94B498C8-3FE6-4690-BD32-97C6764AD026}.Debug|x86.ActiveCfg = Debug|Any CPU
		{94B498C8-3FE6-4690-BD32-97C6764AD026}.Debug|x86.Build.0 = Debug|Any CPU
		{94B498C8-3FE6-4690-BD32-97C6764AD026}.Release|Any CPU.ActiveCfg = Release|Any CPU
		{94B498C8-3FE6-4690-BD32-97C6764AD026}.Release|Any CPU.Build.0 = Release|Any CPU
		{94B498C8-3FE6-4690-BD32-97C6764AD026}.Release|x64.ActiveCfg = Release|Any CPU
		{94B498C8-3FE6-4690-BD32-97C6764AD026}.Release|x64.Build.0 = Release|Any CPU
		{94B498C8-3FE6-4690-BD32-97C6764AD026}.Release|x86.ActiveCfg = Release|Any CPU
		{94B498C8-3FE6-4690-BD32-97C6764AD026}.Release|x86.Build.0 = Release|Any CPU
		{AE9D076A-4089-4C9D-8EF3-87EEBC7DAB13}.Debug|Any CPU.ActiveCfg = Debug|Any CPU
		{AE9D076A-4089-4C9D-8EF3-87EEBC7DAB13}.Debug|Any CPU.Build.0 = Debug|Any CPU
		{AE9D076A-4089-4C9D-8EF3-87EEBC7DAB13}.Debug|x64.ActiveCfg = Debug|Any CPU
		{AE9D076A-4089-4C9D-8EF3-87EEBC7DAB13}.Debug|x64.Build.0 = Debug|Any CPU
		{AE9D076A-4089-4C9D-8EF3-87EEBC7DAB13}.Debug|x86.ActiveCfg = Debug|Any CPU
		{AE9D076A-4089-4C9D-8EF3-87EEBC7DAB13}.Debug|x86.Build.0 = Debug|Any CPU
		{AE9D076A-4089-4C9D-8EF3-87EEBC7DAB13}.Release|Any CPU.ActiveCfg = Release|Any CPU
		{AE9D076A-4089-4C9D-8EF3-87EEBC7DAB13}.Release|Any CPU.Build.0 = Release|Any CPU
		{AE9D076A-4089-4C9D-8EF3-87EEBC7DAB13}.Release|x64.ActiveCfg = Release|Any CPU
		{AE9D076A-4089-4C9D-8EF3-87EEBC7DAB13}.Release|x64.Build.0 = Release|Any CPU
		{AE9D076A-4089-4C9D-8EF3-87EEBC7DAB13}.Release|x86.ActiveCfg = Release|Any CPU
		{AE9D076A-4089-4C9D-8EF3-87EEBC7DAB13}.Release|x86.Build.0 = Release|Any CPU
		{D110788B-5766-4B3F-B260-EAB64DDD3B64}.Debug|Any CPU.ActiveCfg = Debug|Any CPU
		{D110788B-5766-4B3F-B260-EAB64DDD3B64}.Debug|Any CPU.Build.0 = Debug|Any CPU
		{D110788B-5766-4B3F-B260-EAB64DDD3B64}.Debug|x64.ActiveCfg = Debug|Any CPU
		{D110788B-5766-4B3F-B260-EAB64DDD3B64}.Debug|x64.Build.0 = Debug|Any CPU
		{D110788B-5766-4B3F-B260-EAB64DDD3B64}.Debug|x86.ActiveCfg = Debug|Any CPU
		{D110788B-5766-4B3F-B260-EAB64DDD3B64}.Debug|x86.Build.0 = Debug|Any CPU
		{D110788B-5766-4B3F-B260-EAB64DDD3B64}.Release|Any CPU.ActiveCfg = Release|Any CPU
		{D110788B-5766-4B3F-B260-EAB64DDD3B64}.Release|Any CPU.Build.0 = Release|Any CPU
		{D110788B-5766-4B3F-B260-EAB64DDD3B64}.Release|x64.ActiveCfg = Release|Any CPU
		{D110788B-5766-4B3F-B260-EAB64DDD3B64}.Release|x64.Build.0 = Release|Any CPU
		{D110788B-5766-4B3F-B260-EAB64DDD3B64}.Release|x86.ActiveCfg = Release|Any CPU
		{D110788B-5766-4B3F-B260-EAB64DDD3B64}.Release|x86.Build.0 = Release|Any CPU
	EndGlobalSection
	GlobalSection(SolutionProperties) = preSolution
		HideSolutionNode = FALSE
	EndGlobalSection
	GlobalSection(NestedProjects) = preSolution
		{5145C545-A284-4771-8961-FF9D63A2A1DB} = {AA577764-5C71-4DF1-B14E-AD113DD296A1}
		{40DC518E-8462-4835-8814-6F2A188F6C4D} = {AA577764-5C71-4DF1-B14E-AD113DD296A1}
		{382409E9-1D45-4335-A0AA-BBCB5323BE8C} = {AA577764-5C71-4DF1-B14E-AD113DD296A1}
		{A5AD715C-B5D2-40F3-9664-BA16101FEC44} = {AA577764-5C71-4DF1-B14E-AD113DD296A1}
		{A5B528F0-3BF5-4F00-BE71-6EA97846E80C} = {AA577764-5C71-4DF1-B14E-AD113DD296A1}
	EndGlobalSection
EndGlobal
